
Microsoft Visual Studio Solution File, Format Version 12.00
# Visual Studio Version 16
VisualStudioVersion = 16.0.31112.23
MinimumVisualStudioVersion = 10.0.40219.1
Project("{2150E333-8FDC-42A3-9474-1A3956D46DE8}") = "src", "src", "{9BF1DFBD-176A-404C-8441-8ABEE8346996}"
EndProject
Project("{9A19103F-16F7-4668-BE54-9A1E7A4F7556}") = "DAL", "DAL\DAL.csproj", "{23CA0925-91AF-4BE8-9388-0E2334D98580}"
EndProject
Project("{9A19103F-16F7-4668-BE54-9A1E7A4F7556}") = "InitDAL", "InitDAL\InitDAL.csproj", "{4F53900A-D892-4FE2-9DAF-52D9D90B8FD2}"
EndProject
Project("{9A19103F-16F7-4668-BE54-9A1E7A4F7556}") = "Infrastructure", "Infrastructure\Infrastructure.csproj", "{A71F976E-D7A0-45DD-90FB-6A8B05611072}"
EndProject
Project("{9A19103F-16F7-4668-BE54-9A1E7A4F7556}") = "BAL", "BAL\BAL.csproj", "{A0AF3566-109E-4277-925A-C454A267A7A9}"
EndProject
Project("{9A19103F-16F7-4668-BE54-9A1E7A4F7556}") = "Models", "Models\Models.csproj", "{2AF7CE4C-36A6-4015-A55E-62EEEE00F61E}"
EndProject
Project("{FAE04EC0-301F-11D3-BF4B-00C04F79EFBC}") = "API", "API\API.csproj", "{D1BEFD49-3CF8-44A1-BCE6-C2E5A16F4095}"
EndProject
Global
	GlobalSection(SolutionConfigurationPlatforms) = preSolution
		Debug|Any CPU = Debug|Any CPU
		Release|Any CPU = Release|Any CPU
	EndGlobalSection
	GlobalSection(ProjectConfigurationPlatforms) = postSolution
		{23CA0925-91AF-4BE8-9388-0E2334D98580}.Debug|Any CPU.ActiveCfg = Debug|Any CPU
		{23CA0925-91AF-4BE8-9388-0E2334D98580}.Debug|Any CPU.Build.0 = Debug|Any CPU
		{23CA0925-91AF-4BE8-9388-0E2334D98580}.Release|Any CPU.ActiveCfg = Release|Any CPU
		{23CA0925-91AF-4BE8-9388-0E2334D98580}.Release|Any CPU.Build.0 = Release|Any CPU
		{4F53900A-D892-4FE2-9DAF-52D9D90B8FD2}.Debug|Any CPU.ActiveCfg = Debug|Any CPU
		{4F53900A-D892-4FE2-9DAF-52D9D90B8FD2}.Debug|Any CPU.Build.0 = Debug|Any CPU
		{4F53900A-D892-4FE2-9DAF-52D9D90B8FD2}.Release|Any CPU.ActiveCfg = Release|Any CPU
		{4F53900A-D892-4FE2-9DAF-52D9D90B8FD2}.Release|Any CPU.Build.0 = Release|Any CPU
		{A71F976E-D7A0-45DD-90FB-6A8B05611072}.Debug|Any CPU.ActiveCfg = Debug|Any CPU
		{A71F976E-D7A0-45DD-90FB-6A8B05611072}.Debug|Any CPU.Build.0 = Debug|Any CPU
		{A71F976E-D7A0-45DD-90FB-6A8B05611072}.Release|Any CPU.ActiveCfg = Release|Any CPU
		{A71F976E-D7A0-45DD-90FB-6A8B05611072}.Release|Any CPU.Build.0 = Release|Any CPU
		{A0AF3566-109E-4277-925A-C454A267A7A9}.Debug|Any CPU.ActiveCfg = Debug|Any CPU
		{A0AF3566-109E-4277-925A-C454A267A7A9}.Debug|Any CPU.Build.0 = Debug|Any CPU
		{A0AF3566-109E-4277-925A-C454A267A7A9}.Release|Any CPU.ActiveCfg = Release|Any CPU
		{A0AF3566-109E-4277-925A-C454A267A7A9}.Release|Any CPU.Build.0 = Release|Any CPU
		{2AF7CE4C-36A6-4015-A55E-62EEEE00F61E}.Debug|Any CPU.ActiveCfg = Debug|Any CPU
		{2AF7CE4C-36A6-4015-A55E-62EEEE00F61E}.Debug|Any CPU.Build.0 = Debug|Any CPU
		{2AF7CE4C-36A6-4015-A55E-62EEEE00F61E}.Release|Any CPU.ActiveCfg = Release|Any CPU
		{2AF7CE4C-36A6-4015-A55E-62EEEE00F61E}.Release|Any CPU.Build.0 = Release|Any CPU
		{D1BEFD49-3CF8-44A1-BCE6-C2E5A16F4095}.Debug|Any CPU.ActiveCfg = Debug|Any CPU
		{D1BEFD49-3CF8-44A1-BCE6-C2E5A16F4095}.Debug|Any CPU.Build.0 = Debug|Any CPU
		{D1BEFD49-3CF8-44A1-BCE6-C2E5A16F4095}.Release|Any CPU.ActiveCfg = Release|Any CPU
		{D1BEFD49-3CF8-44A1-BCE6-C2E5A16F4095}.Release|Any CPU.Build.0 = Release|Any CPU
	EndGlobalSection
	GlobalSection(SolutionProperties) = preSolution
		HideSolutionNode = FALSE
	EndGlobalSection
	GlobalSection(NestedProjects) = preSolution
		{23CA0925-91AF-4BE8-9388-0E2334D98580} = {9BF1DFBD-176A-404C-8441-8ABEE8346996}
		{4F53900A-D892-4FE2-9DAF-52D9D90B8FD2} = {9BF1DFBD-176A-404C-8441-8ABEE8346996}
		{A71F976E-D7A0-45DD-90FB-6A8B05611072} = {9BF1DFBD-176A-404C-8441-8ABEE8346996}
		{A0AF3566-109E-4277-925A-C454A267A7A9} = {9BF1DFBD-176A-404C-8441-8ABEE8346996}
		{2AF7CE4C-36A6-4015-A55E-62EEEE00F61E} = {9BF1DFBD-176A-404C-8441-8ABEE8346996}
	EndGlobalSection
	GlobalSection(ExtensibilityGlobals) = postSolution
		SolutionGuid = {FAD70093-ED4E-4348-8CA5-04DDDFCD92AD}
	EndGlobalSection
EndGlobal
